# THIS IS AN AUTOGENERATED FILE. DO NOT EDIT THIS FILE DIRECTLY.
# yarn lockfile v1


"@types/prop-types@*":
  version "15.7.11"
  resolved "https://registry.yarnpkg.com/@types/prop-types/-/prop-types-15.7.11.tgz#2596fb352ee96a1379c657734d4b913a613ad563"
  integrity sha512-ga8y9v9uyeiLdpKddhxYQkxNDrfvuPrlFb0N1qnZZByvcElJaXthF1UhvCh9TLWJBEHeNtdnbysW7Y6Uq8CVng==

"@types/react@*":
  version "18.2.58"
  resolved "https://registry.yarnpkg.com/@types/react/-/react-18.2.58.tgz#22082d12898d11806f4a1aefb5583116a047493d"
  integrity sha512-TaGvMNhxvG2Q0K0aYxiKfNDS5m5ZsoIBBbtfUorxdH4NGSXIlYvZxLJI+9Dd3KjeB3780bciLyAb7ylO8pLhPw==
  dependencies:
    "@types/prop-types" "*"
    "@types/scheduler" "*"
    csstype "^3.0.2"

"@types/scheduler@*":
  version "0.16.8"
  resolved "https://registry.yarnpkg.com/@types/scheduler/-/scheduler-0.16.8.tgz#ce5ace04cfeabe7ef87c0091e50752e36707deff"
  integrity sha512-WZLiwShhwLRmeV6zH+GkbOFT6Z6VklCItrDioxUnv+u4Ll+8vKeFySoFyK/0ctcRpOmwAicELfmys1sDc/Rw+A==

csstype@^3.0.2:
  version "3.1.3"
  resolved "https://registry.yarnpkg.com/csstype/-/csstype-3.1.3.tgz#d80ff294d114fb0e6ac500fbf85b60137d7eff81"
  integrity sha512-M1uQkMl8rQK/szD0LNhtqxIPLpimGm8sOBwU7lLnCpSbTyY3yeU1Vc7l4KT5zT4s/yOxHH5O7tIuuLOCnLADRw==

toolkit.ts@^0.0.2:
  version "0.0.2"
  resolved "https://registry.yarnpkg.com/toolkit.ts/-/toolkit.ts-0.0.2.tgz#91bde730e5e6ad1a22146cdaf83f4a52721cf3b2"
  integrity sha512-yJJTVbCwiD6AfFgReewJCGJuODmyZUeL1sDjnxp33t0UBxnezgQrLbz/F9++RC28CTlk5u5pVji4TbeondYEkw==
